// !$*UTF8*$!
{
	archiveVersion = 1;
	classes = {
	};
	objectVersion = 55;
	objects = {

/* Begin PBXBuildFile section */
		9E2EB3842900CF8200D15C68 /* CObservable.swift in Sources */ = {isa = PBXBuildFile; fileRef = 9E2EB3832900CF8200D15C68 /* CObservable.swift */; };
		9E2EB3862900D12F00D15C68 /* NewsViewController.swift in Sources */ = {isa = PBXBuildFile; fileRef = 9E2EB3852900D12F00D15C68 /* NewsViewController.swift */; };
		9E2EB3882900D24300D15C68 /* NewsViewModel.swift in Sources */ = {isa = PBXBuildFile; fileRef = 9E2EB3872900D24300D15C68 /* NewsViewModel.swift */; };
		9E2EB38A2900D77700D15C68 /* News.swift in Sources */ = {isa = PBXBuildFile; fileRef = 9E2EB3892900D77700D15C68 /* News.swift */; };
		9E2EB38C2900ED7200D15C68 /* DiffableViewModel.swift in Sources */ = {isa = PBXBuildFile; fileRef = 9E2EB38B2900ED7200D15C68 /* DiffableViewModel.swift */; };
		9E2EB38E2900EDF500D15C68 /* APIService.swift in Sources */ = {isa = PBXBuildFile; fileRef = 9E2EB38D2900EDF500D15C68 /* APIService.swift */; };
		9E2EB3902900EE3400D15C68 /* APIKey.swift in Sources */ = {isa = PBXBuildFile; fileRef = 9E2EB38F2900EE3400D15C68 /* APIKey.swift */; };
		9E2EB3922900EF7400D15C68 /* SearchPhoto.swift in Sources */ = {isa = PBXBuildFile; fileRef = 9E2EB3912900EF7400D15C68 /* SearchPhoto.swift */; };
		9E2EB3952900F10800D15C68 /* Alamofire in Frameworks */ = {isa = PBXBuildFile; productRef = 9E2EB3942900F10800D15C68 /* Alamofire */; };
		9E2EB3982900F11700D15C68 /* Kingfisher in Frameworks */ = {isa = PBXBuildFile; productRef = 9E2EB3972900F11700D15C68 /* Kingfisher */; };
		9E7DAA3A290622B4003D0805 /* RxCocoa in Frameworks */ = {isa = PBXBuildFile; productRef = 9E7DAA39290622B4003D0805 /* RxCocoa */; };
		9E7DAA3C290622B4003D0805 /* RxSwift in Frameworks */ = {isa = PBXBuildFile; productRef = 9E7DAA3B290622B4003D0805 /* RxSwift */; };
		9E7DAA3E290625B6003D0805 /* RxCocoaExampleViewController.swift in Sources */ = {isa = PBXBuildFile; fileRef = 9E7DAA3D290625B6003D0805 /* RxCocoaExampleViewController.swift */; };
		9EA5AF1429077A3A00149F9F /* SubjectViewController.swift in Sources */ = {isa = PBXBuildFile; fileRef = 9EA5AF1329077A3A00149F9F /* SubjectViewController.swift */; };
		9EA5AF162907889F00149F9F /* SubjectViewModel.swift in Sources */ = {isa = PBXBuildFile; fileRef = 9EA5AF152907889F00149F9F /* SubjectViewModel.swift */; };
		F631EFDF28FF900400709560 /* DiffableViewController.swift in Sources */ = {isa = PBXBuildFile; fileRef = F631EFDE28FF900400709560 /* DiffableViewController.swift */; };
		F683645A28FE38F7007F133E /* SimpleCollectionViewController.swift in Sources */ = {isa = PBXBuildFile; fileRef = F683645928FE38F7007F133E /* SimpleCollectionViewController.swift */; };
		F68D143F28FE2DF30062F505 /* AppDelegate.swift in Sources */ = {isa = PBXBuildFile; fileRef = F68D143E28FE2DF30062F505 /* AppDelegate.swift */; };
		F68D144128FE2DF30062F505 /* SceneDelegate.swift in Sources */ = {isa = PBXBuildFile; fileRef = F68D144028FE2DF30062F505 /* SceneDelegate.swift */; };
		F68D144328FE2DF30062F505 /* SimpleTableViewController.swift in Sources */ = {isa = PBXBuildFile; fileRef = F68D144228FE2DF30062F505 /* SimpleTableViewController.swift */; };
		F68D144628FE2DF30062F505 /* Main.storyboard in Resources */ = {isa = PBXBuildFile; fileRef = F68D144428FE2DF30062F505 /* Main.storyboard */; };
		F68D144828FE2DF60062F505 /* Assets.xcassets in Resources */ = {isa = PBXBuildFile; fileRef = F68D144728FE2DF60062F505 /* Assets.xcassets */; };
		F68D144B28FE2DF60062F505 /* LaunchScreen.storyboard in Resources */ = {isa = PBXBuildFile; fileRef = F68D144928FE2DF60062F505 /* LaunchScreen.storyboard */; };
/* End PBXBuildFile section */

/* Begin PBXFileReference section */
		9E2EB3832900CF8200D15C68 /* CObservable.swift */ = {isa = PBXFileReference; lastKnownFileType = sourcecode.swift; path = CObservable.swift; sourceTree = "<group>"; };
		9E2EB3852900D12F00D15C68 /* NewsViewController.swift */ = {isa = PBXFileReference; lastKnownFileType = sourcecode.swift; path = NewsViewController.swift; sourceTree = "<group>"; };
		9E2EB3872900D24300D15C68 /* NewsViewModel.swift */ = {isa = PBXFileReference; lastKnownFileType = sourcecode.swift; path = NewsViewModel.swift; sourceTree = "<group>"; };
		9E2EB3892900D77700D15C68 /* News.swift */ = {isa = PBXFileReference; lastKnownFileType = sourcecode.swift; path = News.swift; sourceTree = "<group>"; };
		9E2EB38B2900ED7200D15C68 /* DiffableViewModel.swift */ = {isa = PBXFileReference; lastKnownFileType = sourcecode.swift; path = DiffableViewModel.swift; sourceTree = "<group>"; };
		9E2EB38D2900EDF500D15C68 /* APIService.swift */ = {isa = PBXFileReference; lastKnownFileType = sourcecode.swift; path = APIService.swift; sourceTree = "<group>"; };
		9E2EB38F2900EE3400D15C68 /* APIKey.swift */ = {isa = PBXFileReference; lastKnownFileType = sourcecode.swift; path = APIKey.swift; sourceTree = "<group>"; };
		9E2EB3912900EF7400D15C68 /* SearchPhoto.swift */ = {isa = PBXFileReference; lastKnownFileType = sourcecode.swift; path = SearchPhoto.swift; sourceTree = "<group>"; };
		9E7DAA3D290625B6003D0805 /* RxCocoaExampleViewController.swift */ = {isa = PBXFileReference; lastKnownFileType = sourcecode.swift; path = RxCocoaExampleViewController.swift; sourceTree = "<group>"; };
		9EA5AF1329077A3A00149F9F /* SubjectViewController.swift */ = {isa = PBXFileReference; lastKnownFileType = sourcecode.swift; path = SubjectViewController.swift; sourceTree = "<group>"; };
		9EA5AF152907889F00149F9F /* SubjectViewModel.swift */ = {isa = PBXFileReference; lastKnownFileType = sourcecode.swift; path = SubjectViewModel.swift; sourceTree = "<group>"; };
		F631EFDE28FF900400709560 /* DiffableViewController.swift */ = {isa = PBXFileReference; lastKnownFileType = sourcecode.swift; path = DiffableViewController.swift; sourceTree = "<group>"; };
		F683645928FE38F7007F133E /* SimpleCollectionViewController.swift */ = {isa = PBXFileReference; lastKnownFileType = sourcecode.swift; path = SimpleCollectionViewController.swift; sourceTree = "<group>"; };
		F68D143B28FE2DF30062F505 /* Compositional MVVM Rx.app */ = {isa = PBXFileReference; explicitFileType = wrapper.application; includeInIndex = 0; path = "Compositional MVVM Rx.app"; sourceTree = BUILT_PRODUCTS_DIR; };
		F68D143E28FE2DF30062F505 /* AppDelegate.swift */ = {isa = PBXFileReference; lastKnownFileType = sourcecode.swift; path = AppDelegate.swift; sourceTree = "<group>"; };
		F68D144028FE2DF30062F505 /* SceneDelegate.swift */ = {isa = PBXFileReference; lastKnownFileType = sourcecode.swift; path = SceneDelegate.swift; sourceTree = "<group>"; };
		F68D144228FE2DF30062F505 /* SimpleTableViewController.swift */ = {isa = PBXFileReference; lastKnownFileType = sourcecode.swift; path = SimpleTableViewController.swift; sourceTree = "<group>"; };
		F68D144528FE2DF30062F505 /* Base */ = {isa = PBXFileReference; lastKnownFileType = file.storyboard; name = Base; path = Base.lproj/Main.storyboard; sourceTree = "<group>"; };
		F68D144728FE2DF60062F505 /* Assets.xcassets */ = {isa = PBXFileReference; lastKnownFileType = folder.assetcatalog; path = Assets.xcassets; sourceTree = "<group>"; };
		F68D144A28FE2DF60062F505 /* Base */ = {isa = PBXFileReference; lastKnownFileType = file.storyboard; name = Base; path = Base.lproj/LaunchScreen.storyboard; sourceTree = "<group>"; };
		F68D144C28FE2DF60062F505 /* Info.plist */ = {isa = PBXFileReference; lastKnownFileType = text.plist.xml; path = Info.plist; sourceTree = "<group>"; };
/* End PBXFileReference section */

/* Begin PBXFrameworksBuildPhase section */
		F68D143828FE2DF30062F505 /* Frameworks */ = {
			isa = PBXFrameworksBuildPhase;
			buildActionMask = 2147483647;
			files = (
				9E7DAA3A290622B4003D0805 /* RxCocoa in Frameworks */,
				9E2EB3982900F11700D15C68 /* Kingfisher in Frameworks */,
				9E7DAA3C290622B4003D0805 /* RxSwift in Frameworks */,
				9E2EB3952900F10800D15C68 /* Alamofire in Frameworks */,
			);
			runOnlyForDeploymentPostprocessing = 0;
		};
/* End PBXFrameworksBuildPhase section */

/* Begin PBXGroup section */
		9E2EB3822900CCB200D15C68 /* MVVMSample */ = {
			isa = PBXGroup;
			children = (
				9E2EB3832900CF8200D15C68 /* CObservable.swift */,
				9E2EB3852900D12F00D15C68 /* NewsViewController.swift */,
				9E2EB3872900D24300D15C68 /* NewsViewModel.swift */,
				9E2EB3892900D77700D15C68 /* News.swift */,
			);
			path = MVVMSample;
			sourceTree = "<group>";
		};
		F68D143228FE2DF30062F505 = {
			isa = PBXGroup;
			children = (
				F68D143D28FE2DF30062F505 /* Compositional MVVM Rx */,
				F68D143C28FE2DF30062F505 /* Products */,
			);
			sourceTree = "<group>";
		};
		F68D143C28FE2DF30062F505 /* Products */ = {
			isa = PBXGroup;
			children = (
				F68D143B28FE2DF30062F505 /* Compositional MVVM Rx.app */,
			);
			name = Products;
			sourceTree = "<group>";
		};
		F68D143D28FE2DF30062F505 /* Compositional MVVM Rx */ = {
			isa = PBXGroup;
			children = (
				9E7DAA3D290625B6003D0805 /* RxCocoaExampleViewController.swift */,
				9EA5AF1329077A3A00149F9F /* SubjectViewController.swift */,
				9EA5AF152907889F00149F9F /* SubjectViewModel.swift */,
				9E2EB3822900CCB200D15C68 /* MVVMSample */,
				F68D143E28FE2DF30062F505 /* AppDelegate.swift */,
				F68D144028FE2DF30062F505 /* SceneDelegate.swift */,
				F68D144228FE2DF30062F505 /* SimpleTableViewController.swift */,
				F683645928FE38F7007F133E /* SimpleCollectionViewController.swift */,
				F631EFDE28FF900400709560 /* DiffableViewController.swift */,
				F68D144428FE2DF30062F505 /* Main.storyboard */,
				F68D144728FE2DF60062F505 /* Assets.xcassets */,
				F68D144928FE2DF60062F505 /* LaunchScreen.storyboard */,
				F68D144C28FE2DF60062F505 /* Info.plist */,
				9E2EB38B2900ED7200D15C68 /* DiffableViewModel.swift */,
				9E2EB38D2900EDF500D15C68 /* APIService.swift */,
				9E2EB38F2900EE3400D15C68 /* APIKey.swift */,
				9E2EB3912900EF7400D15C68 /* SearchPhoto.swift */,
			);
			path = "Compositional MVVM Rx";
			sourceTree = "<group>";
		};
/* End PBXGroup section */

/* Begin PBXNativeTarget section */
		F68D143A28FE2DF30062F505 /* Compositional MVVM Rx */ = {
			isa = PBXNativeTarget;
			buildConfigurationList = F68D144F28FE2DF60062F505 /* Build configuration list for PBXNativeTarget "Compositional MVVM Rx" */;
			buildPhases = (
				F68D143728FE2DF30062F505 /* Sources */,
				F68D143828FE2DF30062F505 /* Frameworks */,
				F68D143928FE2DF30062F505 /* Resources */,
			);
			buildRules = (
			);
			dependencies = (
			);
			name = "Compositional MVVM Rx";
			packageProductDependencies = (
				9E2EB3942900F10800D15C68 /* Alamofire */,
				9E2EB3972900F11700D15C68 /* Kingfisher */,
				9E7DAA39290622B4003D0805 /* RxCocoa */,
				9E7DAA3B290622B4003D0805 /* RxSwift */,
			);
			productName = "Compositional MVVM Rx";
			productReference = F68D143B28FE2DF30062F505 /* Compositional MVVM Rx.app */;
			productType = "com.apple.product-type.application";
		};
/* End PBXNativeTarget section */

/* Begin PBXProject section */
		F68D143328FE2DF30062F505 /* Project object */ = {
			isa = PBXProject;
			attributes = {
				BuildIndependentTargetsInParallel = 1;
				LastSwiftUpdateCheck = 1340;
				LastUpgradeCheck = 1340;
				TargetAttributes = {
					F68D143A28FE2DF30062F505 = {
						CreatedOnToolsVersion = 13.4.1;
					};
				};
			};
			buildConfigurationList = F68D143628FE2DF30062F505 /* Build configuration list for PBXProject "Compositional MVVM Rx" */;
			compatibilityVersion = "Xcode 13.0";
			developmentRegion = en;
			hasScannedForEncodings = 0;
			knownRegions = (
				en,
				Base,
			);
			mainGroup = F68D143228FE2DF30062F505;
			packageReferences = (
				9E2EB3932900F10800D15C68 /* XCRemoteSwiftPackageReference "Alamofire" */,
				9E2EB3962900F11700D15C68 /* XCRemoteSwiftPackageReference "Kingfisher" */,
				9E7DAA38290622B4003D0805 /* XCRemoteSwiftPackageReference "RxSwift" */,
			);
			productRefGroup = F68D143C28FE2DF30062F505 /* Products */;
			projectDirPath = "";
			projectRoot = "";
			targets = (
				F68D143A28FE2DF30062F505 /* Compositional MVVM Rx */,
			);
		};
/* End PBXProject section */

/* Begin PBXResourcesBuildPhase section */
		F68D143928FE2DF30062F505 /* Resources */ = {
			isa = PBXResourcesBuildPhase;
			buildActionMask = 2147483647;
			files = (
				F68D144B28FE2DF60062F505 /* LaunchScreen.storyboard in Resources */,
				F68D144828FE2DF60062F505 /* Assets.xcassets in Resources */,
				F68D144628FE2DF30062F505 /* Main.storyboard in Resources */,
			);
			runOnlyForDeploymentPostprocessing = 0;
		};
/* End PBXResourcesBuildPhase section */

/* Begin PBXSourcesBuildPhase section */
		F68D143728FE2DF30062F505 /* Sources */ = {
			isa = PBXSourcesBuildPhase;
			buildActionMask = 2147483647;
			files = (
				9E2EB3842900CF8200D15C68 /* CObservable.swift in Sources */,
				F683645A28FE38F7007F133E /* SimpleCollectionViewController.swift in Sources */,
				F68D144328FE2DF30062F505 /* SimpleTableViewController.swift in Sources */,
				9E2EB38A2900D77700D15C68 /* News.swift in Sources */,
				9E2EB38E2900EDF500D15C68 /* APIService.swift in Sources */,
				F68D143F28FE2DF30062F505 /* AppDelegate.swift in Sources */,
				9E2EB3862900D12F00D15C68 /* NewsViewController.swift in Sources */,
				9EA5AF1429077A3A00149F9F /* SubjectViewController.swift in Sources */,
				F631EFDF28FF900400709560 /* DiffableViewController.swift in Sources */,
				9E2EB3922900EF7400D15C68 /* SearchPhoto.swift in Sources */,
				F68D144128FE2DF30062F505 /* SceneDelegate.swift in Sources */,
				9E2EB3882900D24300D15C68 /* NewsViewModel.swift in Sources */,
				9E2EB3902900EE3400D15C68 /* APIKey.swift in Sources */,
				9EA5AF162907889F00149F9F /* SubjectViewModel.swift in Sources */,
				9E2EB38C2900ED7200D15C68 /* DiffableViewModel.swift in Sources */,
				9E7DAA3E290625B6003D0805 /* RxCocoaExampleViewController.swift in Sources */,
			);
			runOnlyForDeploymentPostprocessing = 0;
		};
/* End PBXSourcesBuildPhase section */

/* Begin PBXVariantGroup section */
		F68D144428FE2DF30062F505 /* Main.storyboard */ = {
			isa = PBXVariantGroup;
			children = (
				F68D144528FE2DF30062F505 /* Base */,
			);
			name = Main.storyboard;
			sourceTree = "<group>";
		};
		F68D144928FE2DF60062F505 /* LaunchScreen.storyboard */ = {
			isa = PBXVariantGroup;
			children = (
				F68D144A28FE2DF60062F505 /* Base */,
			);
			name = LaunchScreen.storyboard;
			sourceTree = "<group>";
		};
/* End PBXVariantGroup section */

/* Begin XCBuildConfiguration section */
		F68D144D28FE2DF60062F505 /* Debug */ = {
			isa = XCBuildConfiguration;
			buildSettings = {
				ALWAYS_SEARCH_USER_PATHS = NO;
				CLANG_ANALYZER_NONNULL = YES;
				CLANG_ANALYZER_NUMBER_OBJECT_CONVERSION = YES_AGGRESSIVE;
				CLANG_CXX_LANGUAGE_STANDARD = "gnu++17";
				CLANG_ENABLE_MODULES = YES;
				CLANG_ENABLE_OBJC_ARC = YES;
				CLANG_ENABLE_OBJC_WEAK = YES;
				CLANG_WARN_BLOCK_CAPTURE_AUTORELEASING = YES;
				CLANG_WARN_BOOL_CONVERSION = YES;
				CLANG_WARN_COMMA = YES;
				CLANG_WARN_CONSTANT_CONVERSION = YES;
				CLANG_WARN_DEPRECATED_OBJC_IMPLEMENTATIONS = YES;
				CLANG_WARN_DIRECT_OBJC_ISA_USAGE = YES_ERROR;
				CLANG_WARN_DOCUMENTATION_COMMENTS = YES;
				CLANG_WARN_EMPTY_BODY = YES;
				CLANG_WARN_ENUM_CONVERSION = YES;
				CLANG_WARN_INFINITE_RECURSION = YES;
				CLANG_WARN_INT_CONVERSION = YES;
				CLANG_WARN_NON_LITERAL_NULL_CONVERSION = YES;
				CLANG_WARN_OBJC_IMPLICIT_RETAIN_SELF = YES;
				CLANG_WARN_OBJC_LITERAL_CONVERSION = YES;
				CLANG_WARN_OBJC_ROOT_CLASS = YES_ERROR;
				CLANG_WARN_QUOTED_INCLUDE_IN_FRAMEWORK_HEADER = YES;
				CLANG_WARN_RANGE_LOOP_ANALYSIS = YES;
				CLANG_WARN_STRICT_PROTOTYPES = YES;
				CLANG_WARN_SUSPICIOUS_MOVE = YES;
				CLANG_WARN_UNGUARDED_AVAILABILITY = YES_AGGRESSIVE;
				CLANG_WARN_UNREACHABLE_CODE = YES;
				CLANG_WARN__DUPLICATE_METHOD_MATCH = YES;
				COPY_PHASE_STRIP = NO;
				DEBUG_INFORMATION_FORMAT = dwarf;
				ENABLE_STRICT_OBJC_MSGSEND = YES;
				ENABLE_TESTABILITY = YES;
				GCC_C_LANGUAGE_STANDARD = gnu11;
				GCC_DYNAMIC_NO_PIC = NO;
				GCC_NO_COMMON_BLOCKS = YES;
				GCC_OPTIMIZATION_LEVEL = 0;
				GCC_PREPROCESSOR_DEFINITIONS = (
					"DEBUG=1",
					"$(inherited)",
				);
				GCC_WARN_64_TO_32_BIT_CONVERSION = YES;
				GCC_WARN_ABOUT_RETURN_TYPE = YES_ERROR;
				GCC_WARN_UNDECLARED_SELECTOR = YES;
				GCC_WARN_UNINITIALIZED_AUTOS = YES_AGGRESSIVE;
				GCC_WARN_UNUSED_FUNCTION = YES;
				GCC_WARN_UNUSED_VARIABLE = YES;
				IPHONEOS_DEPLOYMENT_TARGET = 15.5;
				MTL_ENABLE_DEBUG_INFO = INCLUDE_SOURCE;
				MTL_FAST_MATH = YES;
				ONLY_ACTIVE_ARCH = YES;
				SDKROOT = iphoneos;
				SWIFT_ACTIVE_COMPILATION_CONDITIONS = DEBUG;
				SWIFT_OPTIMIZATION_LEVEL = "-Onone";
			};
			name = Debug;
		};
		F68D144E28FE2DF60062F505 /* Release */ = {
			isa = XCBuildConfiguration;
			buildSettings = {
				ALWAYS_SEARCH_USER_PATHS = NO;
				CLANG_ANALYZER_NONNULL = YES;
				CLANG_ANALYZER_NUMBER_OBJECT_CONVERSION = YES_AGGRESSIVE;
				CLANG_CXX_LANGUAGE_STANDARD = "gnu++17";
				CLANG_ENABLE_MODULES = YES;
				CLANG_ENABLE_OBJC_ARC = YES;
				CLANG_ENABLE_OBJC_WEAK = YES;
				CLANG_WARN_BLOCK_CAPTURE_AUTORELEASING = YES;
				CLANG_WARN_BOOL_CONVERSION = YES;
				CLANG_WARN_COMMA = YES;
				CLANG_WARN_CONSTANT_CONVERSION = YES;
				CLANG_WARN_DEPRECATED_OBJC_IMPLEMENTATIONS = YES;
				CLANG_WARN_DIRECT_OBJC_ISA_USAGE = YES_ERROR;
				CLANG_WARN_DOCUMENTATION_COMMENTS = YES;
				CLANG_WARN_EMPTY_BODY = YES;
				CLANG_WARN_ENUM_CONVERSION = YES;
				CLANG_WARN_INFINITE_RECURSION = YES;
				CLANG_WARN_INT_CONVERSION = YES;
				CLANG_WARN_NON_LITERAL_NULL_CONVERSION = YES;
				CLANG_WARN_OBJC_IMPLICIT_RETAIN_SELF = YES;
				CLANG_WARN_OBJC_LITERAL_CONVERSION = YES;
				CLANG_WARN_OBJC_ROOT_CLASS = YES_ERROR;
				CLANG_WARN_QUOTED_INCLUDE_IN_FRAMEWORK_HEADER = YES;
				CLANG_WARN_RANGE_LOOP_ANALYSIS = YES;
				CLANG_WARN_STRICT_PROTOTYPES = YES;
				CLANG_WARN_SUSPICIOUS_MOVE = YES;
				CLANG_WARN_UNGUARDED_AVAILABILITY = YES_AGGRESSIVE;
				CLANG_WARN_UNREACHABLE_CODE = YES;
				CLANG_WARN__DUPLICATE_METHOD_MATCH = YES;
				COPY_PHASE_STRIP = NO;
				DEBUG_INFORMATION_FORMAT = "dwarf-with-dsym";
				ENABLE_NS_ASSERTIONS = NO;
				ENABLE_STRICT_OBJC_MSGSEND = YES;
				GCC_C_LANGUAGE_STANDARD = gnu11;
				GCC_NO_COMMON_BLOCKS = YES;
				GCC_WARN_64_TO_32_BIT_CONVERSION = YES;
				GCC_WARN_ABOUT_RETURN_TYPE = YES_ERROR;
				GCC_WARN_UNDECLARED_SELECTOR = YES;
				GCC_WARN_UNINITIALIZED_AUTOS = YES_AGGRESSIVE;
				GCC_WARN_UNUSED_FUNCTION = YES;
				GCC_WARN_UNUSED_VARIABLE = YES;
				IPHONEOS_DEPLOYMENT_TARGET = 15.5;
				MTL_ENABLE_DEBUG_INFO = NO;
				MTL_FAST_MATH = YES;
				SDKROOT = iphoneos;
				SWIFT_COMPILATION_MODE = wholemodule;
				SWIFT_OPTIMIZATION_LEVEL = "-O";
				VALIDATE_PRODUCT = YES;
			};
			name = Release;
		};
		F68D145028FE2DF60062F505 /* Debug */ = {
			isa = XCBuildConfiguration;
			buildSettings = {
				ASSETCATALOG_COMPILER_APPICON_NAME = AppIcon;
				ASSETCATALOG_COMPILER_GLOBAL_ACCENT_COLOR_NAME = AccentColor;
				CODE_SIGN_STYLE = Automatic;
				CURRENT_PROJECT_VERSION = 1;
				DEVELOPMENT_TEAM = K27UK338MM;
				GENERATE_INFOPLIST_FILE = YES;
				INFOPLIST_FILE = "Compositional MVVM Rx/Info.plist";
				INFOPLIST_KEY_UIApplicationSupportsIndirectInputEvents = YES;
				INFOPLIST_KEY_UILaunchStoryboardName = LaunchScreen;
				INFOPLIST_KEY_UIMainStoryboardFile = Main;
				INFOPLIST_KEY_UISupportedInterfaceOrientations_iPad = "UIInterfaceOrientationPortrait UIInterfaceOrientationPortraitUpsideDown UIInterfaceOrientationLandscapeLeft UIInterfaceOrientationLandscapeRight";
				INFOPLIST_KEY_UISupportedInterfaceOrientations_iPhone = "UIInterfaceOrientationPortrait UIInterfaceOrientationLandscapeLeft UIInterfaceOrientationLandscapeRight";
				LD_RUNPATH_SEARCH_PATHS = (
					"$(inherited)",
					"@executable_path/Frameworks",
				);
				MARKETING_VERSION = 1.0;
				PRODUCT_BUNDLE_IDENTIFIER = "com.anniekang.MVVM-Rx";
				PRODUCT_NAME = "$(TARGET_NAME)";
				SWIFT_EMIT_LOC_STRINGS = YES;
				SWIFT_VERSION = 5.0;
				TARGETED_DEVICE_FAMILY = 1;
			};
			name = Debug;
		};
		F68D145128FE2DF60062F505 /* Release */ = {
			isa = XCBuildConfiguration;
			buildSettings = {
				ASSETCATALOG_COMPILER_APPICON_NAME = AppIcon;
				ASSETCATALOG_COMPILER_GLOBAL_ACCENT_COLOR_NAME = AccentColor;
				CODE_SIGN_STYLE = Automatic;
				CURRENT_PROJECT_VERSION = 1;
				DEVELOPMENT_TEAM = K27UK338MM;
				GENERATE_INFOPLIST_FILE = YES;
				INFOPLIST_FILE = "Compositional MVVM Rx/Info.plist";
				INFOPLIST_KEY_UIApplicationSupportsIndirectInputEvents = YES;
				INFOPLIST_KEY_UILaunchStoryboardName = LaunchScreen;
				INFOPLIST_KEY_UIMainStoryboardFile = Main;
				INFOPLIST_KEY_UISupportedInterfaceOrientations_iPad = "UIInterfaceOrientationPortrait UIInterfaceOrientationPortraitUpsideDown UIInterfaceOrientationLandscapeLeft UIInterfaceOrientationLandscapeRight";
				INFOPLIST_KEY_UISupportedInterfaceOrientations_iPhone = "UIInterfaceOrientationPortrait UIInterfaceOrientationLandscapeLeft UIInterfaceOrientationLandscapeRight";
				LD_RUNPATH_SEARCH_PATHS = (
					"$(inherited)",
					"@executable_path/Frameworks",
				);
				MARKETING_VERSION = 1.0;
				PRODUCT_BUNDLE_IDENTIFIER = "com.anniekang.MVVM-Rx";
				PRODUCT_NAME = "$(TARGET_NAME)";
				SWIFT_EMIT_LOC_STRINGS = YES;
				SWIFT_VERSION = 5.0;
				TARGETED_DEVICE_FAMILY = 1;
			};
			name = Release;
		};
/* End XCBuildConfiguration section */

/* Begin XCConfigurationList section */
		F68D143628FE2DF30062F505 /* Build configuration list for PBXProject "Compositional MVVM Rx" */ = {
			isa = XCConfigurationList;
			buildConfigurations = (
				F68D144D28FE2DF60062F505 /* Debug */,
				F68D144E28FE2DF60062F505 /* Release */,
			);
			defaultConfigurationIsVisible = 0;
			defaultConfigurationName = Release;
		};
		F68D144F28FE2DF60062F505 /* Build configuration list for PBXNativeTarget "Compositional MVVM Rx" */ = {
			isa = XCConfigurationList;
			buildConfigurations = (
				F68D145028FE2DF60062F505 /* Debug */,
				F68D145128FE2DF60062F505 /* Release */,
			);
			defaultConfigurationIsVisible = 0;
			defaultConfigurationName = Release;
		};
/* End XCConfigurationList section */

/* Begin XCRemoteSwiftPackageReference section */
		9E2EB3932900F10800D15C68 /* XCRemoteSwiftPackageReference "Alamofire" */ = {
			isa = XCRemoteSwiftPackageReference;
			repositoryURL = "https://github.com/Alamofire/Alamofire.git";
			requirement = {
				kind = upToNextMajorVersion;
				minimumVersion = 5.0.0;
			};
		};
		9E2EB3962900F11700D15C68 /* XCRemoteSwiftPackageReference "Kingfisher" */ = {
			isa = XCRemoteSwiftPackageReference;
			repositoryURL = "https://github.com/onevcat/Kingfisher.git";
			requirement = {
				kind = upToNextMajorVersion;
				minimumVersion = 7.0.0;
			};
		};
		9E7DAA38290622B4003D0805 /* XCRemoteSwiftPackageReference "RxSwift" */ = {
			isa = XCRemoteSwiftPackageReference;
			repositoryURL = "https://github.com/ReactiveX/RxSwift.git";
			requirement = {
				kind = upToNextMajorVersion;
				minimumVersion = 6.0.0;
			};
		};
/* End XCRemoteSwiftPackageReference section */

/* Begin XCSwiftPackageProductDependency section */
		9E2EB3942900F10800D15C68 /* Alamofire */ = {
			isa = XCSwiftPackageProductDependency;
			package = 9E2EB3932900F10800D15C68 /* XCRemoteSwiftPackageReference "Alamofire" */;
			productName = Alamofire;
		};
		9E2EB3972900F11700D15C68 /* Kingfisher */ = {
			isa = XCSwiftPackageProductDependency;
			package = 9E2EB3962900F11700D15C68 /* XCRemoteSwiftPackageReference "Kingfisher" */;
			productName = Kingfisher;
		};
		9E7DAA39290622B4003D0805 /* RxCocoa */ = {
			isa = XCSwiftPackageProductDependency;
			package = 9E7DAA38290622B4003D0805 /* XCRemoteSwiftPackageReference "RxSwift" */;
			productName = RxCocoa;
		};
		9E7DAA3B290622B4003D0805 /* RxSwift */ = {
			isa = XCSwiftPackageProductDependency;
			package = 9E7DAA38290622B4003D0805 /* XCRemoteSwiftPackageReference "RxSwift" */;
			productName = RxSwift;
		};
/* End XCSwiftPackageProductDependency section */
	};
	rootObject = F68D143328FE2DF30062F505 /* Project object */;
}
